{
  "nodes": {
    "fennel-ls": {
      "inputs": {
        "nixpkgs": "nixpkgs"
      },
      "locked": {
        "lastModified": 1673200687,
        "narHash": "sha256-QlMyovRhNlnnIxC8svyqryKYF154IWxV7kYnz32syso=",
        "owner": "BrianTipton1",
        "repo": "fennel-ls-flake",
        "rev": "95bd8accb428b680787adfe6bfa6cd00e77ee00f",
        "type": "github"
      },
      "original": {
        "owner": "BrianTipton1",
        "repo": "fennel-ls-flake",
        "type": "github"
      }
    },
    "flake-compat": {
      "flake": false,
      "locked": {
        "lastModified": 1668681692,
        "narHash": "sha256-Ht91NGdewz8IQLtWZ9LCeNXMSXHUss+9COoqu6JLmXU=",
        "owner": "edolstra",
        "repo": "flake-compat",
        "rev": "009399224d5e398d03b22badca40a37ac85412a1",
        "type": "github"
      },
      "original": {
        "owner": "edolstra",
        "repo": "flake-compat",
        "type": "github"
      }
    },
    "home-manager": {
      "inputs": {
        "nixpkgs": [
          "nixpkgs"
        ],
        "utils": "utils"
      },
      "locked": {
        "lastModified": 1672244468,
        "narHash": "sha256-xaZb8AZqoXRCSqPusCk4ouf+fUNP8UJdafmMTF1Ltlw=",
        "owner": "nix-community",
        "repo": "home-manager",
        "rev": "89a8ba0b5b43b3350ff2e3ef37b66736b2ef8706",
        "type": "github"
      },
      "original": {
        "owner": "nix-community",
        "ref": "release-22.11",
        "repo": "home-manager",
        "type": "github"
      }
    },
    "libnbtplusplus": {
      "flake": false,
      "locked": {
        "lastModified": 1650031308,
        "narHash": "sha256-TvVOjkUobYJD9itQYueELJX3wmecvEdCbJ0FinW2mL4=",
        "owner": "PrismLauncher",
        "repo": "libnbtplusplus",
        "rev": "2203af7eeb48c45398139b583615134efd8d407f",
        "type": "github"
      },
      "original": {
        "owner": "PrismLauncher",
        "repo": "libnbtplusplus",
        "type": "github"
      }
    },
    "nixpkgs": {
      "locked": {
        "lastModified": 1673155324,
        "narHash": "sha256-j60mSoMT5dKf+a1Pq3FOqskgoM3Hn7hwaoChGS/KgJI=",
        "owner": "NixOS",
        "repo": "nixpkgs",
        "rev": "46ee37ca1d9cd3bb18633b4104ef21d9035aac89",
        "type": "github"
      },
      "original": {
        "owner": "NixOS",
        "repo": "nixpkgs",
        "type": "github"
      }
    },
    "nixpkgs-unstable": {
      "locked": {
        "lastModified": 1672953546,
        "narHash": "sha256-oz757DnJ1ITvwyTovuwG3l9cX6j9j6/DH9eH+cXFJmc=",
        "owner": "NixOS",
        "repo": "nixpkgs",
        "rev": "a518c77148585023ff56022f09c4b2c418a51ef5",
        "type": "github"
      },
      "original": {
        "owner": "NixOS",
        "ref": "nixos-unstable",
        "repo": "nixpkgs",
        "type": "github"
      }
    },
    "nixpkgs_2": {
      "locked": {
        "lastModified": 1672844754,
        "narHash": "sha256-o26WabuHABQsaHxxmIrR3AQRqDFUEdLckLXkVCpIjSU=",
        "owner": "NixOS",
        "repo": "nixpkgs",
        "rev": "e9ade2c8240e00a4784fac282a502efff2786bdc",
        "type": "github"
      },
      "original": {
        "owner": "NixOS",
        "ref": "nixos-22.11",
        "repo": "nixpkgs",
        "type": "github"
      }
    },
    "nixpkgs_3": {
      "locked": {
        "lastModified": 1671417167,
        "narHash": "sha256-JkHam6WQOwZN1t2C2sbp1TqMv3TVRjzrdoejqfefwrM=",
        "owner": "nixos",
        "repo": "nixpkgs",
        "rev": "bb31220cca6d044baa6dc2715b07497a2a7c4bc7",
        "type": "github"
      },
      "original": {
        "owner": "nixos",
        "ref": "nixpkgs-unstable",
        "repo": "nixpkgs",
        "type": "github"
      }
    },
    "prismlauncher": {
      "inputs": {
        "flake-compat": "flake-compat",
        "libnbtplusplus": "libnbtplusplus",
        "nixpkgs": "nixpkgs_3"
      },
      "locked": {
        "lastModified": 1672424590,
        "narHash": "sha256-yP9qPCcyJ6GFY3AuyRYu221McyOjx8K7AhyKKwehsO8=",
        "owner": "PrismLauncher",
        "repo": "PrismLauncher",
        "rev": "4b12c85d91be34504384117584fb4f25a754481e",
        "type": "github"
      },
      "original": {
        "owner": "PrismLauncher",
        "repo": "PrismLauncher",
        "type": "github"
      }
    },
    "root": {
      "inputs": {
        "fennel-ls": "fennel-ls",
        "home-manager": "home-manager",
        "nixpkgs": "nixpkgs_2",
        "nixpkgs-unstable": "nixpkgs-unstable",
        "prismlauncher": "prismlauncher"
      }
    },
    "utils": {
      "locked": {
        "lastModified": 1667395993,
        "narHash": "sha256-nuEHfE/LcWyuSWnS8t12N1wc105Qtau+/OdUAjtQ0rA=",
        "owner": "numtide",
        "repo": "flake-utils",
        "rev": "5aed5285a952e0b949eb3ba02c12fa4fcfef535f",
        "type": "github"
      },
      "original": {
        "owner": "numtide",
        "repo": "flake-utils",
        "type": "github"
      }
    }
  },
  "root": "root",
  "version": 7
}
