{
  "nodes": {
    "fennel-ls": {
      "inputs": {
        "nixpkgs": "nixpkgs"
      },
      "locked": {
        "lastModified": 1673245230,
        "narHash": "sha256-Vm/JVIjAXmGNirBgcD67bQvjOO5wsK/4m+GnNU24vp4=",
        "owner": "BrianTipton1",
        "repo": "fennel-ls-flake",
        "rev": "6bb37a57fd3c15a52c72134ea064e54fb47ee739",
        "type": "github"
      },
      "original": {
        "owner": "BrianTipton1",
        "repo": "fennel-ls-flake",
        "type": "github"
      }
    },
    "flake-compat": {
      "flake": false,
      "locked": {
        "lastModified": 1673956053,
        "narHash": "sha256-4gtG9iQuiKITOjNQQeQIpoIB6b16fm+504Ch3sNKLd8=",
        "owner": "edolstra",
        "repo": "flake-compat",
        "rev": "35bb57c0c8d8b62bbfd284272c928ceb64ddbde9",
        "type": "github"
      },
      "original": {
        "owner": "edolstra",
        "repo": "flake-compat",
        "type": "github"
      }
    },
    "flake-utils": {
      "locked": {
        "lastModified": 1676283394,
        "narHash": "sha256-XX2f9c3iySLCw54rJ/CZs+ZK6IQy7GXNY4nSOyu2QG4=",
        "owner": "numtide",
        "repo": "flake-utils",
        "rev": "3db36a8b464d0c4532ba1c7dda728f4576d6d073",
        "type": "github"
      },
      "original": {
        "owner": "numtide",
        "repo": "flake-utils",
        "type": "github"
      }
    },
    "home-manager": {
      "inputs": {
        "nixpkgs": [
          "nixpkgs"
        ],
        "utils": "utils"
      },
      "locked": {
        "lastModified": 1678729503,
        "narHash": "sha256-j+h4Bdqbe+qjzhxdhkRmVgSx2lxJ8HnKeYcAhhnd1zM=",
        "owner": "nix-community",
        "repo": "home-manager",
        "rev": "24c1a6335e3da6a3ecf82f33ac50c2ad66aee346",
        "type": "github"
      },
      "original": {
        "owner": "nix-community",
        "repo": "home-manager",
        "type": "github"
      }
    },
    "nix-alien": {
      "inputs": {
        "flake-compat": "flake-compat",
        "flake-utils": "flake-utils",
        "nix-index-database": "nix-index-database",
        "nixpkgs": "nixpkgs_2"
      },
      "locked": {
        "lastModified": 1676464624,
        "narHash": "sha256-RXtoupBu+sJbpXicPxAxMAs+kZl932Vbp/D7Q6UfOBk=",
        "owner": "thiagokokada",
        "repo": "nix-alien",
        "rev": "5a30e8619fc28ce870643e2c1a1ff9c0d130fd1e",
        "type": "github"
      },
      "original": {
        "owner": "thiagokokada",
        "repo": "nix-alien",
        "type": "github"
      }
    },
    "nix-index-database": {
      "inputs": {
        "nixpkgs": [
          "nix-alien",
          "nixpkgs"
        ]
      },
      "locked": {
        "lastModified": 1676172252,
        "narHash": "sha256-Q5yJPpgbvOTgB0NQTJmlx3di1Sj5QQhSrjv38u6MzsQ=",
        "owner": "Mic92",
        "repo": "nix-index-database",
        "rev": "89e3b689e0ae9bac4c6cdc24d1085d81baeebde4",
        "type": "github"
      },
      "original": {
        "owner": "Mic92",
        "repo": "nix-index-database",
        "type": "github"
      }
    },
    "nixpkgs": {
      "locked": {
        "lastModified": 1673155324,
        "narHash": "sha256-j60mSoMT5dKf+a1Pq3FOqskgoM3Hn7hwaoChGS/KgJI=",
        "owner": "NixOS",
        "repo": "nixpkgs",
        "rev": "46ee37ca1d9cd3bb18633b4104ef21d9035aac89",
        "type": "github"
      },
      "original": {
        "owner": "NixOS",
        "repo": "nixpkgs",
        "type": "github"
      }
    },
    "nixpkgs-stable": {
      "locked": {
        "lastModified": 1678614274,
        "narHash": "sha256-kK9l45n9cQ4mEQeT4NvJ+pK2nwsHhfZGUyRgzI+XFOw=",
        "owner": "NixOS",
        "repo": "nixpkgs",
        "rev": "970402e6147c49603f4d06defe44d27fe51884ce",
        "type": "github"
      },
      "original": {
        "owner": "NixOS",
        "ref": "nixos-22.11",
        "repo": "nixpkgs",
        "type": "github"
      }
    },
    "nixpkgs_2": {
      "locked": {
        "lastModified": 1676209454,
        "narHash": "sha256-alj9mBkV9U6tTPDK026671D2pesLSYZZc9j5dBZJ9f0=",
        "owner": "NixOS",
        "repo": "nixpkgs",
        "rev": "8c619a1f3cedd16ea172146e30645e703d21bfc1",
        "type": "github"
      },
      "original": {
        "owner": "NixOS",
        "ref": "nixpkgs-unstable",
        "repo": "nixpkgs",
        "type": "github"
      }
    },
    "nixpkgs_3": {
      "locked": {
        "lastModified": 1678654296,
        "narHash": "sha256-aVfw3ThpY7vkUeF1rFy10NAkpKDS2imj3IakrzT0Occ=",
        "owner": "NixOS",
        "repo": "nixpkgs",
        "rev": "5a1dc8acd977ff3dccd1328b7c4a6995429a656b",
        "type": "github"
      },
      "original": {
        "owner": "NixOS",
        "ref": "nixos-unstable",
        "repo": "nixpkgs",
        "type": "github"
      }
    },
    "root": {
      "inputs": {
        "fennel-ls": "fennel-ls",
        "home-manager": "home-manager",
        "nix-alien": "nix-alien",
        "nixpkgs": "nixpkgs_3",
        "nixpkgs-stable": "nixpkgs-stable"
      }
    },
    "utils": {
      "locked": {
        "lastModified": 1676283394,
        "narHash": "sha256-XX2f9c3iySLCw54rJ/CZs+ZK6IQy7GXNY4nSOyu2QG4=",
        "owner": "numtide",
        "repo": "flake-utils",
        "rev": "3db36a8b464d0c4532ba1c7dda728f4576d6d073",
        "type": "github"
      },
      "original": {
        "owner": "numtide",
        "repo": "flake-utils",
        "type": "github"
      }
    }
  },
  "root": "root",
  "version": 7
}
